
Microsoft Visual Studio Solution File, Format Version 12.00
# Visual Studio Version 16
VisualStudioVersion = 16.0.31702.278
MinimumVisualStudioVersion = 10.0.40219.1
Project("{FAE04EC0-301F-11D3-BF4B-00C04F79EFBC}") = "PMS.Demo", "PMS.Demo\PMS.Demo.csproj", "{D2A9F09F-634A-4A73-B7AB-775F86D73410}"
EndProject
Project("{FAE04EC0-301F-11D3-BF4B-00C04F79EFBC}") = "PMS.Demo.Runtime", "PMS.Demo.Runtime\PMS.Demo.Runtime.csproj", "{CC58D52C-022E-4F18-90A8-0AD907CCC55B}"
EndProject
Project("{FAE04EC0-301F-11D3-BF4B-00C04F79EFBC}") = "PMS.Demo.Entity", "PMS.Demo.Entity\PMS.Demo.Entity.csproj", "{5D04281E-5BBB-4FB6-A22D-858485E6C759}"
EndProject
Project("{FAE04EC0-301F-11D3-BF4B-00C04F79EFBC}") = "PMS.Demo.Service", "PMS.Demo.Service\PMS.Demo.Service.csproj", "{AC873CA4-12AE-474D-A54A-AA5C802692A6}"
EndProject
Project("{FAE04EC0-301F-11D3-BF4B-00C04F79EFBC}") = "PMS.Demo.Client", "PMS.Demo.Client\PMS.Demo.Client.csproj", "{54D7853F-3B97-4BEF-B9B7-3D33909B33B9}"
EndProject
Project("{FAE04EC0-301F-11D3-BF4B-00C04F79EFBC}") = "PMS.Demo.Utils", "PMS.Demo.Utils\PMS.Demo.Utils.csproj", "{DDE1D214-463B-4DDA-8E44-E5EF415242E0}"
EndProject
Global
	GlobalSection(SolutionConfigurationPlatforms) = preSolution
		Debug|Any CPU = Debug|Any CPU
		Debug|x64 = Debug|x64
		Release|Any CPU = Release|Any CPU
		Release|x64 = Release|x64
	EndGlobalSection
	GlobalSection(ProjectConfigurationPlatforms) = postSolution
		{D2A9F09F-634A-4A73-B7AB-775F86D73410}.Debug|Any CPU.ActiveCfg = Debug|Any CPU
		{D2A9F09F-634A-4A73-B7AB-775F86D73410}.Debug|Any CPU.Build.0 = Debug|Any CPU
		{D2A9F09F-634A-4A73-B7AB-775F86D73410}.Debug|x64.ActiveCfg = Debug|x64
		{D2A9F09F-634A-4A73-B7AB-775F86D73410}.Debug|x64.Build.0 = Debug|x64
		{D2A9F09F-634A-4A73-B7AB-775F86D73410}.Release|Any CPU.ActiveCfg = Release|Any CPU
		{D2A9F09F-634A-4A73-B7AB-775F86D73410}.Release|Any CPU.Build.0 = Release|Any CPU
		{D2A9F09F-634A-4A73-B7AB-775F86D73410}.Release|x64.ActiveCfg = Release|x64
		{D2A9F09F-634A-4A73-B7AB-775F86D73410}.Release|x64.Build.0 = Release|x64
		{CC58D52C-022E-4F18-90A8-0AD907CCC55B}.Debug|Any CPU.ActiveCfg = Debug|Any CPU
		{CC58D52C-022E-4F18-90A8-0AD907CCC55B}.Debug|Any CPU.Build.0 = Debug|Any CPU
		{CC58D52C-022E-4F18-90A8-0AD907CCC55B}.Debug|x64.ActiveCfg = Debug|x64
		{CC58D52C-022E-4F18-90A8-0AD907CCC55B}.Debug|x64.Build.0 = Debug|x64
		{CC58D52C-022E-4F18-90A8-0AD907CCC55B}.Release|Any CPU.ActiveCfg = Release|Any CPU
		{CC58D52C-022E-4F18-90A8-0AD907CCC55B}.Release|Any CPU.Build.0 = Release|Any CPU
		{CC58D52C-022E-4F18-90A8-0AD907CCC55B}.Release|x64.ActiveCfg = Release|Any CPU
		{CC58D52C-022E-4F18-90A8-0AD907CCC55B}.Release|x64.Build.0 = Release|Any CPU
		{5D04281E-5BBB-4FB6-A22D-858485E6C759}.Debug|Any CPU.ActiveCfg = Debug|Any CPU
		{5D04281E-5BBB-4FB6-A22D-858485E6C759}.Debug|Any CPU.Build.0 = Debug|Any CPU
		{5D04281E-5BBB-4FB6-A22D-858485E6C759}.Debug|x64.ActiveCfg = Debug|x64
		{5D04281E-5BBB-4FB6-A22D-858485E6C759}.Debug|x64.Build.0 = Debug|x64
		{5D04281E-5BBB-4FB6-A22D-858485E6C759}.Release|Any CPU.ActiveCfg = Release|Any CPU
		{5D04281E-5BBB-4FB6-A22D-858485E6C759}.Release|Any CPU.Build.0 = Release|Any CPU
		{5D04281E-5BBB-4FB6-A22D-858485E6C759}.Release|x64.ActiveCfg = Release|Any CPU
		{5D04281E-5BBB-4FB6-A22D-858485E6C759}.Release|x64.Build.0 = Release|Any CPU
		{AC873CA4-12AE-474D-A54A-AA5C802692A6}.Debug|Any CPU.ActiveCfg = Debug|Any CPU
		{AC873CA4-12AE-474D-A54A-AA5C802692A6}.Debug|Any CPU.Build.0 = Debug|Any CPU
		{AC873CA4-12AE-474D-A54A-AA5C802692A6}.Debug|x64.ActiveCfg = Debug|x64
		{AC873CA4-12AE-474D-A54A-AA5C802692A6}.Debug|x64.Build.0 = Debug|x64
		{AC873CA4-12AE-474D-A54A-AA5C802692A6}.Release|Any CPU.ActiveCfg = Release|Any CPU
		{AC873CA4-12AE-474D-A54A-AA5C802692A6}.Release|Any CPU.Build.0 = Release|Any CPU
		{AC873CA4-12AE-474D-A54A-AA5C802692A6}.Release|x64.ActiveCfg = Release|Any CPU
		{AC873CA4-12AE-474D-A54A-AA5C802692A6}.Release|x64.Build.0 = Release|Any CPU
		{54D7853F-3B97-4BEF-B9B7-3D33909B33B9}.Debug|Any CPU.ActiveCfg = Debug|Any CPU
		{54D7853F-3B97-4BEF-B9B7-3D33909B33B9}.Debug|Any CPU.Build.0 = Debug|Any CPU
		{54D7853F-3B97-4BEF-B9B7-3D33909B33B9}.Debug|x64.ActiveCfg = Debug|x64
		{54D7853F-3B97-4BEF-B9B7-3D33909B33B9}.Debug|x64.Build.0 = Debug|x64
		{54D7853F-3B97-4BEF-B9B7-3D33909B33B9}.Release|Any CPU.ActiveCfg = Release|Any CPU
		{54D7853F-3B97-4BEF-B9B7-3D33909B33B9}.Release|Any CPU.Build.0 = Release|Any CPU
		{54D7853F-3B97-4BEF-B9B7-3D33909B33B9}.Release|x64.ActiveCfg = Release|Any CPU
		{54D7853F-3B97-4BEF-B9B7-3D33909B33B9}.Release|x64.Build.0 = Release|Any CPU
		{DDE1D214-463B-4DDA-8E44-E5EF415242E0}.Debug|Any CPU.ActiveCfg = Debug|Any CPU
		{DDE1D214-463B-4DDA-8E44-E5EF415242E0}.Debug|Any CPU.Build.0 = Debug|Any CPU
		{DDE1D214-463B-4DDA-8E44-E5EF415242E0}.Debug|x64.ActiveCfg = Debug|x64
		{DDE1D214-463B-4DDA-8E44-E5EF415242E0}.Debug|x64.Build.0 = Debug|x64
		{DDE1D214-463B-4DDA-8E44-E5EF415242E0}.Release|Any CPU.ActiveCfg = Release|Any CPU
		{DDE1D214-463B-4DDA-8E44-E5EF415242E0}.Release|Any CPU.Build.0 = Release|Any CPU
		{DDE1D214-463B-4DDA-8E44-E5EF415242E0}.Release|x64.ActiveCfg = Release|Any CPU
		{DDE1D214-463B-4DDA-8E44-E5EF415242E0}.Release|x64.Build.0 = Release|Any CPU
	EndGlobalSection
	GlobalSection(SolutionProperties) = preSolution
		HideSolutionNode = FALSE
	EndGlobalSection
	GlobalSection(ExtensibilityGlobals) = postSolution
		SolutionGuid = {F52DC29C-8738-420E-8F56-2A7F09CF9984}
	EndGlobalSection
EndGlobal
